### YamlMime:ManagedReference
items:
- uid: System.Windows.Media.Animation.AnimationClock
  id: AnimationClock
  children:
  - System.Windows.Media.Animation.AnimationClock.#ctor(System.Windows.Media.Animation.AnimationTimeline)
  - System.Windows.Media.Animation.AnimationClock.GetCurrentValue(System.Object,System.Object)
  - System.Windows.Media.Animation.AnimationClock.Timeline
  langs:
  - csharp
  name: AnimationClock
  nameWithType: AnimationClock
  fullName: System.Windows.Media.Animation.AnimationClock
  type: Class
  summary: "維護的執行階段狀態<xref href=&quot;System.Windows.Media.Animation.AnimationTimeline&quot;></xref>並處理其輸出值。"
  remarks: "從產生 AnimationClock 物件<xref:System.Windows.Media.Animation.AnimationTimeline>物件。</xref:System.Windows.Media.Animation.AnimationTimeline> <xref:System.Windows.Media.Animation.AnimationTimeline>描述動畫之輸出值，持續時間、 開始時間、 結束時間，以及其他基本動畫資訊。</xref:System.Windows.Media.Animation.AnimationTimeline> AnimationClock 處理所描述的動畫值<xref:System.Windows.Media.Animation.AnimationTimeline>物件。</xref:System.Windows.Media.Animation.AnimationTimeline>"
  syntax:
    content: 'public class AnimationClock : System.Windows.Media.Animation.Clock'
  inheritance:
  - System.Object
  - System.Windows.Threading.DispatcherObject
  - System.Windows.Media.Animation.Clock
  implements: []
  inheritedMembers:
  - System.Windows.Media.Animation.Clock.Completed
  - System.Windows.Media.Animation.Clock.Controller
  - System.Windows.Media.Animation.Clock.CurrentGlobalSpeed
  - System.Windows.Media.Animation.Clock.CurrentGlobalSpeedInvalidated
  - System.Windows.Media.Animation.Clock.CurrentGlobalTime
  - System.Windows.Media.Animation.Clock.CurrentIteration
  - System.Windows.Media.Animation.Clock.CurrentProgress
  - System.Windows.Media.Animation.Clock.CurrentState
  - System.Windows.Media.Animation.Clock.CurrentStateInvalidated
  - System.Windows.Media.Animation.Clock.CurrentTime
  - System.Windows.Media.Animation.Clock.CurrentTimeInvalidated
  - System.Windows.Media.Animation.Clock.DiscontinuousTimeMovement
  - System.Windows.Media.Animation.Clock.GetCanSlip
  - System.Windows.Media.Animation.Clock.GetCurrentTimeCore
  - System.Windows.Media.Animation.Clock.HasControllableRoot
  - System.Windows.Media.Animation.Clock.IsPaused
  - System.Windows.Media.Animation.Clock.NaturalDuration
  - System.Windows.Media.Animation.Clock.Parent
  - System.Windows.Media.Animation.Clock.RemoveRequested
  - System.Windows.Media.Animation.Clock.SpeedChanged
  - System.Windows.Media.Animation.Clock.Stopped
  - System.Windows.Threading.DispatcherObject.CheckAccess
  - System.Windows.Threading.DispatcherObject.Dispatcher
  - System.Windows.Threading.DispatcherObject.VerifyAccess
  platform:
  - net462
- uid: System.Windows.Media.Animation.AnimationClock.#ctor(System.Windows.Media.Animation.AnimationTimeline)
  id: '#ctor(System.Windows.Media.Animation.AnimationTimeline)'
  parent: System.Windows.Media.Animation.AnimationClock
  langs:
  - csharp
  name: AnimationClock(AnimationTimeline)
  nameWithType: AnimationClock.AnimationClock(AnimationTimeline)
  fullName: System.Windows.Media.Animation.AnimationClock.AnimationClock(AnimationTimeline)
  type: Constructor
  assemblies:
  - PresentationCore
  namespace: System.Windows.Media.Animation
  summary: "初始化的新執行個體<xref href=&quot;System.Windows.Media.Animation.AnimationClock&quot;></xref>類別。"
  syntax:
    content: protected AnimationClock (System.Windows.Media.Animation.AnimationTimeline animation);
    parameters:
    - id: animation
      type: System.Windows.Media.Animation.AnimationTimeline
      description: "描述這個時鐘動畫之輸出值和計時行為。"
  overload: System.Windows.Media.Animation.AnimationClock.#ctor*
  exceptions: []
  platform:
  - net462
- uid: System.Windows.Media.Animation.AnimationClock.GetCurrentValue(System.Object,System.Object)
  id: GetCurrentValue(System.Object,System.Object)
  parent: System.Windows.Media.Animation.AnimationClock
  langs:
  - csharp
  name: GetCurrentValue(Object,Object)
  nameWithType: AnimationClock.GetCurrentValue(Object,Object)
  fullName: System.Windows.Media.Animation.AnimationClock.GetCurrentValue(Object,Object)
  type: Method
  assemblies:
  - PresentationCore
  namespace: System.Windows.Media.Animation
  summary: "取得目前的輸出值<xref href=&quot;System.Windows.Media.Animation.AnimationClock&quot;> </xref>。"
  syntax:
    content: public object GetCurrentValue (object defaultOriginValue, object defaultDestinationValue);
    parameters:
    - id: defaultOriginValue
      type: System.Object
      description: "如果動畫沒有自己的起始值提供給時鐘的原始值。 如果這個時鐘是撰寫鏈結中的第一個網域控制站將會繪製; 之屬性的基底值否則它將會在鏈結中的上一個時鐘所傳回的值"
    - id: defaultDestinationValue
      type: System.Object
      description: "如果動畫沒有自己的目的值提供給時鐘目的值。 如果這個時鐘是撰寫鏈結中的第一個網域控制站將會繪製; 之屬性的基底值否則它將會在鏈結中的上一個時鐘所傳回的值"
    return:
      type: System.Object
      description: "目前的值，這個<xref href=&quot;System.Windows.Media.Animation.AnimationClock&quot;> </xref>。"
  overload: System.Windows.Media.Animation.AnimationClock.GetCurrentValue*
  exceptions: []
  platform:
  - net462
- uid: System.Windows.Media.Animation.AnimationClock.Timeline
  id: Timeline
  parent: System.Windows.Media.Animation.AnimationClock
  langs:
  - csharp
  name: Timeline
  nameWithType: AnimationClock.Timeline
  fullName: System.Windows.Media.Animation.AnimationClock.Timeline
  type: Property
  assemblies:
  - PresentationCore
  namespace: System.Windows.Media.Animation
  summary: "取得<xref href=&quot;System.Windows.Media.Animation.AnimationTimeline&quot;></xref>描述此時鐘的行為。"
  syntax:
    content: public System.Windows.Media.Animation.AnimationTimeline Timeline { get; }
    return:
      type: System.Windows.Media.Animation.AnimationTimeline
      description: "描述這個時鐘行為的動畫。"
  overload: System.Windows.Media.Animation.AnimationClock.Timeline*
  exceptions: []
  platform:
  - net462
references:
- uid: System.Windows.Media.Animation.Clock
  isExternal: false
  name: System.Windows.Media.Animation.Clock
- uid: System.Windows.Media.Animation.AnimationClock.#ctor(System.Windows.Media.Animation.AnimationTimeline)
  parent: System.Windows.Media.Animation.AnimationClock
  isExternal: false
  name: AnimationClock(AnimationTimeline)
  nameWithType: AnimationClock.AnimationClock(AnimationTimeline)
  fullName: System.Windows.Media.Animation.AnimationClock.AnimationClock(AnimationTimeline)
- uid: System.Windows.Media.Animation.AnimationTimeline
  parent: System.Windows.Media.Animation
  isExternal: false
  name: AnimationTimeline
  nameWithType: AnimationTimeline
  fullName: System.Windows.Media.Animation.AnimationTimeline
- uid: System.Windows.Media.Animation.AnimationClock.GetCurrentValue(System.Object,System.Object)
  parent: System.Windows.Media.Animation.AnimationClock
  isExternal: false
  name: GetCurrentValue(Object,Object)
  nameWithType: AnimationClock.GetCurrentValue(Object,Object)
  fullName: System.Windows.Media.Animation.AnimationClock.GetCurrentValue(Object,Object)
- uid: System.Object
  parent: System
  isExternal: true
  name: Object
  nameWithType: Object
  fullName: System.Object
- uid: System.Windows.Media.Animation.AnimationClock.Timeline
  parent: System.Windows.Media.Animation.AnimationClock
  isExternal: false
  name: Timeline
  nameWithType: AnimationClock.Timeline
  fullName: System.Windows.Media.Animation.AnimationClock.Timeline
- uid: System.Windows.Media.Animation.AnimationClock.#ctor*
  parent: System.Windows.Media.Animation.AnimationClock
  isExternal: false
  name: AnimationClock
  nameWithType: AnimationClock.AnimationClock
- uid: System.Windows.Media.Animation.AnimationClock.GetCurrentValue*
  parent: System.Windows.Media.Animation.AnimationClock
  isExternal: false
  name: GetCurrentValue
  nameWithType: AnimationClock.GetCurrentValue
- uid: System.Windows.Media.Animation.AnimationClock.Timeline*
  parent: System.Windows.Media.Animation.AnimationClock
  isExternal: false
  name: Timeline
  nameWithType: AnimationClock.Timeline
